
Microsoft Visual Studio Solution File, Format Version 12.00
# Visual Studio Version 16
VisualStudioVersion = 16.0.32802.440
MinimumVisualStudioVersion = 10.0.40219.1
Project("{FAE04EC0-301F-11D3-BF4B-00C04F79EFBC}") = "ConsoleApp", "ConsoleApp\ConsoleApp.csproj", "{08CDBF4D-14D0-469C-A7DB-F094A2D4C813}"
EndProject
Global
	GlobalSection(SolutionConfigurationPlatforms) = preSolution
		Debug|Any CPU = Debug|Any CPU
		Release|Any CPU = Release|Any CPU
	EndGlobalSection
	GlobalSection(ProjectConfigurationPlatforms) = postSolution
		{08CDBF4D-14D0-469C-A7DB-F094A2D4C813}.Debug|Any CPU.ActiveCfg = Debug|Any CPU
		{08CDBF4D-14D0-469C-A7DB-F094A2D4C813}.Debug|Any CPU.Build.0 = Debug|Any CPU
		{08CDBF4D-14D0-469C-A7DB-F094A2D4C813}.Release|Any CPU.ActiveCfg = Release|Any CPU
		{08CDBF4D-14D0-469C-A7DB-F094A2D4C813}.Release|Any CPU.Build.0 = Release|Any CPU
	EndGlobalSection
	GlobalSection(SolutionProperties) = preSolution
		HideSolutionNode = FALSE
	EndGlobalSection
	GlobalSection(ExtensibilityGlobals) = postSolution
		SolutionGuid = {75698022-1582-4770-A4D7-061F191A013C}
	EndGlobalSection
EndGlobal
